{
  "object": {
    "pins": [
      {
        "package": "Neumann",
        "repositoryURL": "https://github.com/MoveUpwards/Neumann.git",
        "state": {
          "branch": null,
          "revision": "df20da831b84f0b31b4ac937dd35d198dbb6505b",
          "version": "1.2.0"
        }
      },
      {
        "package": "RxSwift",
        "repositoryURL": "https://github.com/ReactiveX/RxSwift.git",
        "state": {
          "branch": null,
          "revision": "002d325b0bdee94e7882e1114af5ff4fe1e96afa",
          "version": "5.1.1"
        }
      },
      {
        "package": "Sejima",
        "repositoryURL": "https://github.com/MoveUpwards/Sejima.git",
        "state": {
          "branch": null,
          "revision": "3297d1b2a0b9fe37779a4032e1ca43f47df867e1",
          "version": "1.6.0"
        }
      }
    ]
  },
  "version": 1
}
