PODS:
  - RxCocoa (4.3.1):
    - RxSwift (~> 4.0)
  - RxSwift (4.3.1)
  - Sejima (0.1.5)

DEPENDENCIES:
  - RxCocoa (~> 4.3.1)
  - RxSwift (~> 4.3.1)
  - Sejima

SPEC REPOS:
  https://github.com/cocoapods/specs.git:
    - RxCocoa
    - RxSwift
    - Sejima

SPEC CHECKSUMS:
  RxCocoa: 78763c7b07d02455598d9fc3c1ad091a28b73635
  RxSwift: fe0fd770a43acdb7d0a53da411c9b892e69bb6e4
  Sejima: 735ba5c77acedfa2050d8c7f2871f7ce30f269cd

PODFILE CHECKSUM: 67c48f9c77168e20f93b79f42082c783295020a8

COCOAPODS: 1.6.0
