// !$*UTF8*$!
{
	archiveVersion = 1;
	classes = {
	};
	objectVersion = 50;
	objects = {

/* Begin PBXBuildFile section */
		6D1E7707223A95EF0030A2C4 /* MUStat.swift in Sources */ = {isa = PBXBuildFile; fileRef = 6D1E7706223A95EF0030A2C4 /* MUStat.swift */; };
		6D1E7709223A96440030A2C4 /* MUAvatar.swift in Sources */ = {isa = PBXBuildFile; fileRef = 6D1E7708223A96440030A2C4 /* MUAvatar.swift */; };
		6D1E770B223A96860030A2C4 /* MUSegmentedControl.swift in Sources */ = {isa = PBXBuildFile; fileRef = 6D1E770A223A96860030A2C4 /* MUSegmentedControl.swift */; };
		6D4EFB4B223A9467006231F9 /* MUNavigationBar.swift in Sources */ = {isa = PBXBuildFile; fileRef = 6D4EFB4A223A9467006231F9 /* MUNavigationBar.swift */; };
		6D4EFB4D223A94A0006231F9 /* MUIndicator.swift in Sources */ = {isa = PBXBuildFile; fileRef = 6D4EFB4C223A94A0006231F9 /* MUIndicator.swift */; };
		7EB7F1FA2BCBA40CB6022E52 /* Pods_RxSejimaTests.framework in Frameworks */ = {isa = PBXBuildFile; fileRef = 4E46D4C0D019D89A46A81072 /* Pods_RxSejimaTests.framework */; };
		BD6ABF37B6DF61CCE432745D /* Pods_RxSejima.framework in Frameworks */ = {isa = PBXBuildFile; fileRef = 1D7738C685E0E62CD3713911 /* Pods_RxSejima.framework */; };
		F3D96B9B2229738300C45A17 /* RxSejima.framework in Frameworks */ = {isa = PBXBuildFile; fileRef = F3D96B912229738200C45A17 /* RxSejima.framework */; };
		F3D96BA02229738300C45A17 /* RxSejimaTests.swift in Sources */ = {isa = PBXBuildFile; fileRef = F3D96B9F2229738300C45A17 /* RxSejimaTests.swift */; };
		F3D96BA22229738300C45A17 /* RxSejima.h in Headers */ = {isa = PBXBuildFile; fileRef = F3D96B942229738200C45A17 /* RxSejima.h */; settings = {ATTRIBUTES = (Public, ); }; };
		F3D96BC1222974E800C45A17 /* MUHeader.swift in Sources */ = {isa = PBXBuildFile; fileRef = F3D96BB3222974E800C45A17 /* MUHeader.swift */; };
		F3D96BC2222974E800C45A17 /* MUTopBar.swift in Sources */ = {isa = PBXBuildFile; fileRef = F3D96BB4222974E800C45A17 /* MUTopBar.swift */; };
		F3D96BC4222974E800C45A17 /* MUTextField.swift in Sources */ = {isa = PBXBuildFile; fileRef = F3D96BB6222974E800C45A17 /* MUTextField.swift */; };
		F3D96BC6222974E800C45A17 /* MUButton.swift in Sources */ = {isa = PBXBuildFile; fileRef = F3D96BB8222974E800C45A17 /* MUButton.swift */; };
/* End PBXBuildFile section */

/* Begin PBXContainerItemProxy section */
		F3D96B9C2229738300C45A17 /* PBXContainerItemProxy */ = {
			isa = PBXContainerItemProxy;
			containerPortal = F3D96B882229738200C45A17 /* Project object */;
			proxyType = 1;
			remoteGlobalIDString = F3D96B902229738200C45A17;
			remoteInfo = RxSejima;
		};
/* End PBXContainerItemProxy section */

/* Begin PBXFileReference section */
		1D7738C685E0E62CD3713911 /* Pods_RxSejima.framework */ = {isa = PBXFileReference; explicitFileType = wrapper.framework; includeInIndex = 0; path = Pods_RxSejima.framework; sourceTree = BUILT_PRODUCTS_DIR; };
		4E46D4C0D019D89A46A81072 /* Pods_RxSejimaTests.framework */ = {isa = PBXFileReference; explicitFileType = wrapper.framework; includeInIndex = 0; path = Pods_RxSejimaTests.framework; sourceTree = BUILT_PRODUCTS_DIR; };
		6D1E7706223A95EF0030A2C4 /* MUStat.swift */ = {isa = PBXFileReference; lastKnownFileType = sourcecode.swift; path = MUStat.swift; sourceTree = "<group>"; };
		6D1E7708223A96440030A2C4 /* MUAvatar.swift */ = {isa = PBXFileReference; lastKnownFileType = sourcecode.swift; path = MUAvatar.swift; sourceTree = "<group>"; };
		6D1E770A223A96860030A2C4 /* MUSegmentedControl.swift */ = {isa = PBXFileReference; lastKnownFileType = sourcecode.swift; path = MUSegmentedControl.swift; sourceTree = "<group>"; };
		6D4EFB4A223A9467006231F9 /* MUNavigationBar.swift */ = {isa = PBXFileReference; lastKnownFileType = sourcecode.swift; path = MUNavigationBar.swift; sourceTree = "<group>"; };
		6D4EFB4C223A94A0006231F9 /* MUIndicator.swift */ = {isa = PBXFileReference; lastKnownFileType = sourcecode.swift; path = MUIndicator.swift; sourceTree = "<group>"; };
		73B1C000C31BD738394B6124 /* Pods-RxSejima.debug.xcconfig */ = {isa = PBXFileReference; includeInIndex = 1; lastKnownFileType = text.xcconfig; name = "Pods-RxSejima.debug.xcconfig"; path = "Target Support Files/Pods-RxSejima/Pods-RxSejima.debug.xcconfig"; sourceTree = "<group>"; };
		96B8D1438CC40610CAB3EC7D /* Pods-RxSejimaTests.debug.xcconfig */ = {isa = PBXFileReference; includeInIndex = 1; lastKnownFileType = text.xcconfig; name = "Pods-RxSejimaTests.debug.xcconfig"; path = "Target Support Files/Pods-RxSejimaTests/Pods-RxSejimaTests.debug.xcconfig"; sourceTree = "<group>"; };
		A27B836A4506FB5D54817AAB /* Pods-RxSejimaTests.release.xcconfig */ = {isa = PBXFileReference; includeInIndex = 1; lastKnownFileType = text.xcconfig; name = "Pods-RxSejimaTests.release.xcconfig"; path = "Target Support Files/Pods-RxSejimaTests/Pods-RxSejimaTests.release.xcconfig"; sourceTree = "<group>"; };
		EDF329D106E67C715140325D /* Pods-RxSejima.release.xcconfig */ = {isa = PBXFileReference; includeInIndex = 1; lastKnownFileType = text.xcconfig; name = "Pods-RxSejima.release.xcconfig"; path = "Target Support Files/Pods-RxSejima/Pods-RxSejima.release.xcconfig"; sourceTree = "<group>"; };
		F3D96B912229738200C45A17 /* RxSejima.framework */ = {isa = PBXFileReference; explicitFileType = wrapper.framework; includeInIndex = 0; path = RxSejima.framework; sourceTree = BUILT_PRODUCTS_DIR; };
		F3D96B942229738200C45A17 /* RxSejima.h */ = {isa = PBXFileReference; lastKnownFileType = sourcecode.c.h; path = RxSejima.h; sourceTree = "<group>"; };
		F3D96B952229738200C45A17 /* Info.plist */ = {isa = PBXFileReference; lastKnownFileType = text.plist.xml; path = Info.plist; sourceTree = "<group>"; };
		F3D96B9A2229738300C45A17 /* RxSejimaTests.xctest */ = {isa = PBXFileReference; explicitFileType = wrapper.cfbundle; includeInIndex = 0; path = RxSejimaTests.xctest; sourceTree = BUILT_PRODUCTS_DIR; };
		F3D96B9F2229738300C45A17 /* RxSejimaTests.swift */ = {isa = PBXFileReference; lastKnownFileType = sourcecode.swift; path = RxSejimaTests.swift; sourceTree = "<group>"; };
		F3D96BA12229738300C45A17 /* Info.plist */ = {isa = PBXFileReference; lastKnownFileType = text.plist.xml; path = Info.plist; sourceTree = "<group>"; };
		F3D96BB3222974E800C45A17 /* MUHeader.swift */ = {isa = PBXFileReference; fileEncoding = 4; lastKnownFileType = sourcecode.swift; path = MUHeader.swift; sourceTree = "<group>"; };
		F3D96BB4222974E800C45A17 /* MUTopBar.swift */ = {isa = PBXFileReference; fileEncoding = 4; lastKnownFileType = sourcecode.swift; path = MUTopBar.swift; sourceTree = "<group>"; };
		F3D96BB6222974E800C45A17 /* MUTextField.swift */ = {isa = PBXFileReference; fileEncoding = 4; lastKnownFileType = sourcecode.swift; path = MUTextField.swift; sourceTree = "<group>"; };
		F3D96BB8222974E800C45A17 /* MUButton.swift */ = {isa = PBXFileReference; fileEncoding = 4; lastKnownFileType = sourcecode.swift; path = MUButton.swift; sourceTree = "<group>"; };
/* End PBXFileReference section */

/* Begin PBXFrameworksBuildPhase section */
		F3D96B8E2229738200C45A17 /* Frameworks */ = {
			isa = PBXFrameworksBuildPhase;
			buildActionMask = 2147483647;
			files = (
				BD6ABF37B6DF61CCE432745D /* Pods_RxSejima.framework in Frameworks */,
			);
			runOnlyForDeploymentPostprocessing = 0;
		};
		F3D96B972229738300C45A17 /* Frameworks */ = {
			isa = PBXFrameworksBuildPhase;
			buildActionMask = 2147483647;
			files = (
				F3D96B9B2229738300C45A17 /* RxSejima.framework in Frameworks */,
				7EB7F1FA2BCBA40CB6022E52 /* Pods_RxSejimaTests.framework in Frameworks */,
			);
			runOnlyForDeploymentPostprocessing = 0;
		};
/* End PBXFrameworksBuildPhase section */

/* Begin PBXGroup section */
		44464C90D4E62D1EEB7D668A /* Pods */ = {
			isa = PBXGroup;
			children = (
				73B1C000C31BD738394B6124 /* Pods-RxSejima.debug.xcconfig */,
				EDF329D106E67C715140325D /* Pods-RxSejima.release.xcconfig */,
				96B8D1438CC40610CAB3EC7D /* Pods-RxSejimaTests.debug.xcconfig */,
				A27B836A4506FB5D54817AAB /* Pods-RxSejimaTests.release.xcconfig */,
			);
			path = Pods;
			sourceTree = "<group>";
		};
		6C15CEE146B1EF91325A24A5 /* Frameworks */ = {
			isa = PBXGroup;
			children = (
				1D7738C685E0E62CD3713911 /* Pods_RxSejima.framework */,
				4E46D4C0D019D89A46A81072 /* Pods_RxSejimaTests.framework */,
			);
			name = Frameworks;
			sourceTree = "<group>";
		};
		F3D96B872229738200C45A17 = {
			isa = PBXGroup;
			children = (
				F3D96B932229738200C45A17 /* RxSejima */,
				F3D96B9E2229738300C45A17 /* RxSejimaTests */,
				F3D96B922229738200C45A17 /* Products */,
				44464C90D4E62D1EEB7D668A /* Pods */,
				6C15CEE146B1EF91325A24A5 /* Frameworks */,
			);
			sourceTree = "<group>";
		};
		F3D96B922229738200C45A17 /* Products */ = {
			isa = PBXGroup;
			children = (
				F3D96B912229738200C45A17 /* RxSejima.framework */,
				F3D96B9A2229738300C45A17 /* RxSejimaTests.xctest */,
			);
			name = Products;
			sourceTree = "<group>";
		};
		F3D96B932229738200C45A17 /* RxSejima */ = {
			isa = PBXGroup;
			children = (
				F3D96B942229738200C45A17 /* RxSejima.h */,
				F3D96B952229738200C45A17 /* Info.plist */,
				F3D96BAB222974E800C45A17 /* Source */,
			);
			path = RxSejima;
			sourceTree = "<group>";
		};
		F3D96B9E2229738300C45A17 /* RxSejimaTests */ = {
			isa = PBXGroup;
			children = (
				F3D96B9F2229738300C45A17 /* RxSejimaTests.swift */,
				F3D96BA12229738300C45A17 /* Info.plist */,
			);
			path = RxSejimaTests;
			sourceTree = "<group>";
		};
		F3D96BAB222974E800C45A17 /* Source */ = {
			isa = PBXGroup;
			children = (
				F3D96BB3222974E800C45A17 /* MUHeader.swift */,
				F3D96BB4222974E800C45A17 /* MUTopBar.swift */,
				F3D96BB6222974E800C45A17 /* MUTextField.swift */,
				F3D96BB8222974E800C45A17 /* MUButton.swift */,
				6D4EFB4A223A9467006231F9 /* MUNavigationBar.swift */,
				6D4EFB4C223A94A0006231F9 /* MUIndicator.swift */,
				6D1E7706223A95EF0030A2C4 /* MUStat.swift */,
				6D1E7708223A96440030A2C4 /* MUAvatar.swift */,
				6D1E770A223A96860030A2C4 /* MUSegmentedControl.swift */,
			);
			path = Source;
			sourceTree = "<group>";
		};
/* End PBXGroup section */

/* Begin PBXHeadersBuildPhase section */
		F3D96B8C2229738200C45A17 /* Headers */ = {
			isa = PBXHeadersBuildPhase;
			buildActionMask = 2147483647;
			files = (
				F3D96BA22229738300C45A17 /* RxSejima.h in Headers */,
			);
			runOnlyForDeploymentPostprocessing = 0;
		};
/* End PBXHeadersBuildPhase section */

/* Begin PBXNativeTarget section */
		F3D96B902229738200C45A17 /* RxSejima */ = {
			isa = PBXNativeTarget;
			buildConfigurationList = F3D96BA52229738300C45A17 /* Build configuration list for PBXNativeTarget "RxSejima" */;
			buildPhases = (
				F2900A8FB7A507FBACFA89F6 /* [CP] Check Pods Manifest.lock */,
				F3D96B8C2229738200C45A17 /* Headers */,
				F3D96B8D2229738200C45A17 /* Sources */,
				F3D96B8E2229738200C45A17 /* Frameworks */,
				F3D96B8F2229738200C45A17 /* Resources */,
			);
			buildRules = (
			);
			dependencies = (
			);
			name = RxSejima;
			productName = RxSejima;
			productReference = F3D96B912229738200C45A17 /* RxSejima.framework */;
			productType = "com.apple.product-type.framework";
		};
		F3D96B992229738300C45A17 /* RxSejimaTests */ = {
			isa = PBXNativeTarget;
			buildConfigurationList = F3D96BA82229738300C45A17 /* Build configuration list for PBXNativeTarget "RxSejimaTests" */;
			buildPhases = (
				B2C0D0304F98D511F7B9CAC0 /* [CP] Check Pods Manifest.lock */,
				F3D96B962229738300C45A17 /* Sources */,
				F3D96B972229738300C45A17 /* Frameworks */,
				F3D96B982229738300C45A17 /* Resources */,
			);
			buildRules = (
			);
			dependencies = (
				F3D96B9D2229738300C45A17 /* PBXTargetDependency */,
			);
			name = RxSejimaTests;
			productName = RxSejimaTests;
			productReference = F3D96B9A2229738300C45A17 /* RxSejimaTests.xctest */;
			productType = "com.apple.product-type.bundle.unit-test";
		};
/* End PBXNativeTarget section */

/* Begin PBXProject section */
		F3D96B882229738200C45A17 /* Project object */ = {
			isa = PBXProject;
			attributes = {
				LastSwiftUpdateCheck = 1010;
				LastUpgradeCheck = 1010;
				ORGANIZATIONNAME = "Loïc GRIFFIE";
				TargetAttributes = {
					F3D96B902229738200C45A17 = {
						CreatedOnToolsVersion = 10.1;
					};
					F3D96B992229738300C45A17 = {
						CreatedOnToolsVersion = 10.1;
					};
				};
			};
			buildConfigurationList = F3D96B8B2229738200C45A17 /* Build configuration list for PBXProject "RxSejima" */;
			compatibilityVersion = "Xcode 9.3";
			developmentRegion = en;
			hasScannedForEncodings = 0;
			knownRegions = (
				en,
			);
			mainGroup = F3D96B872229738200C45A17;
			productRefGroup = F3D96B922229738200C45A17 /* Products */;
			projectDirPath = "";
			projectRoot = "";
			targets = (
				F3D96B902229738200C45A17 /* RxSejima */,
				F3D96B992229738300C45A17 /* RxSejimaTests */,
			);
		};
/* End PBXProject section */

/* Begin PBXResourcesBuildPhase section */
		F3D96B8F2229738200C45A17 /* Resources */ = {
			isa = PBXResourcesBuildPhase;
			buildActionMask = 2147483647;
			files = (
			);
			runOnlyForDeploymentPostprocessing = 0;
		};
		F3D96B982229738300C45A17 /* Resources */ = {
			isa = PBXResourcesBuildPhase;
			buildActionMask = 2147483647;
			files = (
			);
			runOnlyForDeploymentPostprocessing = 0;
		};
/* End PBXResourcesBuildPhase section */

/* Begin PBXShellScriptBuildPhase section */
		B2C0D0304F98D511F7B9CAC0 /* [CP] Check Pods Manifest.lock */ = {
			isa = PBXShellScriptBuildPhase;
			buildActionMask = 2147483647;
			files = (
			);
			inputFileListPaths = (
			);
			inputPaths = (
				"${PODS_PODFILE_DIR_PATH}/Podfile.lock",
				"${PODS_ROOT}/Manifest.lock",
			);
			name = "[CP] Check Pods Manifest.lock";
			outputFileListPaths = (
			);
			outputPaths = (
				"$(DERIVED_FILE_DIR)/Pods-RxSejimaTests-checkManifestLockResult.txt",
			);
			runOnlyForDeploymentPostprocessing = 0;
			shellPath = /bin/sh;
			shellScript = "diff \"${PODS_PODFILE_DIR_PATH}/Podfile.lock\" \"${PODS_ROOT}/Manifest.lock\" > /dev/null\nif [ $? != 0 ] ; then\n    # print error to STDERR\n    echo \"error: The sandbox is not in sync with the Podfile.lock. Run 'pod install' or update your CocoaPods installation.\" >&2\n    exit 1\nfi\n# This output is used by Xcode 'outputs' to avoid re-running this script phase.\necho \"SUCCESS\" > \"${SCRIPT_OUTPUT_FILE_0}\"\n";
			showEnvVarsInLog = 0;
		};
		F2900A8FB7A507FBACFA89F6 /* [CP] Check Pods Manifest.lock */ = {
			isa = PBXShellScriptBuildPhase;
			buildActionMask = 2147483647;
			files = (
			);
			inputFileListPaths = (
			);
			inputPaths = (
				"${PODS_PODFILE_DIR_PATH}/Podfile.lock",
				"${PODS_ROOT}/Manifest.lock",
			);
			name = "[CP] Check Pods Manifest.lock";
			outputFileListPaths = (
			);
			outputPaths = (
				"$(DERIVED_FILE_DIR)/Pods-RxSejima-checkManifestLockResult.txt",
			);
			runOnlyForDeploymentPostprocessing = 0;
			shellPath = /bin/sh;
			shellScript = "diff \"${PODS_PODFILE_DIR_PATH}/Podfile.lock\" \"${PODS_ROOT}/Manifest.lock\" > /dev/null\nif [ $? != 0 ] ; then\n    # print error to STDERR\n    echo \"error: The sandbox is not in sync with the Podfile.lock. Run 'pod install' or update your CocoaPods installation.\" >&2\n    exit 1\nfi\n# This output is used by Xcode 'outputs' to avoid re-running this script phase.\necho \"SUCCESS\" > \"${SCRIPT_OUTPUT_FILE_0}\"\n";
			showEnvVarsInLog = 0;
		};
/* End PBXShellScriptBuildPhase section */

/* Begin PBXSourcesBuildPhase section */
		F3D96B8D2229738200C45A17 /* Sources */ = {
			isa = PBXSourcesBuildPhase;
			buildActionMask = 2147483647;
			files = (
				6D1E7707223A95EF0030A2C4 /* MUStat.swift in Sources */,
				6D1E770B223A96860030A2C4 /* MUSegmentedControl.swift in Sources */,
				F3D96BC1222974E800C45A17 /* MUHeader.swift in Sources */,
				6D1E7709223A96440030A2C4 /* MUAvatar.swift in Sources */,
				6D4EFB4B223A9467006231F9 /* MUNavigationBar.swift in Sources */,
				F3D96BC6222974E800C45A17 /* MUButton.swift in Sources */,
				F3D96BC2222974E800C45A17 /* MUTopBar.swift in Sources */,
				F3D96BC4222974E800C45A17 /* MUTextField.swift in Sources */,
				6D4EFB4D223A94A0006231F9 /* MUIndicator.swift in Sources */,
			);
			runOnlyForDeploymentPostprocessing = 0;
		};
		F3D96B962229738300C45A17 /* Sources */ = {
			isa = PBXSourcesBuildPhase;
			buildActionMask = 2147483647;
			files = (
				F3D96BA02229738300C45A17 /* RxSejimaTests.swift in Sources */,
			);
			runOnlyForDeploymentPostprocessing = 0;
		};
/* End PBXSourcesBuildPhase section */

/* Begin PBXTargetDependency section */
		F3D96B9D2229738300C45A17 /* PBXTargetDependency */ = {
			isa = PBXTargetDependency;
			target = F3D96B902229738200C45A17 /* RxSejima */;
			targetProxy = F3D96B9C2229738300C45A17 /* PBXContainerItemProxy */;
		};
/* End PBXTargetDependency section */

/* Begin XCBuildConfiguration section */
		F3D96BA32229738300C45A17 /* Debug */ = {
			isa = XCBuildConfiguration;
			buildSettings = {
				ALWAYS_SEARCH_USER_PATHS = NO;
				CLANG_ANALYZER_NONNULL = YES;
				CLANG_ANALYZER_NUMBER_OBJECT_CONVERSION = YES_AGGRESSIVE;
				CLANG_CXX_LANGUAGE_STANDARD = "gnu++14";
				CLANG_CXX_LIBRARY = "libc++";
				CLANG_ENABLE_MODULES = YES;
				CLANG_ENABLE_OBJC_ARC = YES;
				CLANG_ENABLE_OBJC_WEAK = YES;
				CLANG_WARN_BLOCK_CAPTURE_AUTORELEASING = YES;
				CLANG_WARN_BOOL_CONVERSION = YES;
				CLANG_WARN_COMMA = YES;
				CLANG_WARN_CONSTANT_CONVERSION = YES;
				CLANG_WARN_DEPRECATED_OBJC_IMPLEMENTATIONS = YES;
				CLANG_WARN_DIRECT_OBJC_ISA_USAGE = YES_ERROR;
				CLANG_WARN_DOCUMENTATION_COMMENTS = YES;
				CLANG_WARN_EMPTY_BODY = YES;
				CLANG_WARN_ENUM_CONVERSION = YES;
				CLANG_WARN_INFINITE_RECURSION = YES;
				CLANG_WARN_INT_CONVERSION = YES;
				CLANG_WARN_NON_LITERAL_NULL_CONVERSION = YES;
				CLANG_WARN_OBJC_IMPLICIT_RETAIN_SELF = YES;
				CLANG_WARN_OBJC_LITERAL_CONVERSION = YES;
				CLANG_WARN_OBJC_ROOT_CLASS = YES_ERROR;
				CLANG_WARN_RANGE_LOOP_ANALYSIS = YES;
				CLANG_WARN_STRICT_PROTOTYPES = YES;
				CLANG_WARN_SUSPICIOUS_MOVE = YES;
				CLANG_WARN_UNGUARDED_AVAILABILITY = YES_AGGRESSIVE;
				CLANG_WARN_UNREACHABLE_CODE = YES;
				CLANG_WARN__DUPLICATE_METHOD_MATCH = YES;
				CODE_SIGN_IDENTITY = "iPhone Developer";
				COPY_PHASE_STRIP = NO;
				CURRENT_PROJECT_VERSION = 1;
				DEBUG_INFORMATION_FORMAT = dwarf;
				ENABLE_STRICT_OBJC_MSGSEND = YES;
				ENABLE_TESTABILITY = YES;
				GCC_C_LANGUAGE_STANDARD = gnu11;
				GCC_DYNAMIC_NO_PIC = NO;
				GCC_NO_COMMON_BLOCKS = YES;
				GCC_OPTIMIZATION_LEVEL = 0;
				GCC_PREPROCESSOR_DEFINITIONS = (
					"DEBUG=1",
					"$(inherited)",
				);
				GCC_WARN_64_TO_32_BIT_CONVERSION = YES;
				GCC_WARN_ABOUT_RETURN_TYPE = YES_ERROR;
				GCC_WARN_UNDECLARED_SELECTOR = YES;
				GCC_WARN_UNINITIALIZED_AUTOS = YES_AGGRESSIVE;
				GCC_WARN_UNUSED_FUNCTION = YES;
				GCC_WARN_UNUSED_VARIABLE = YES;
				IPHONEOS_DEPLOYMENT_TARGET = 9.1;
				MTL_ENABLE_DEBUG_INFO = INCLUDE_SOURCE;
				MTL_FAST_MATH = YES;
				ONLY_ACTIVE_ARCH = YES;
				SDKROOT = iphoneos;
				SWIFT_ACTIVE_COMPILATION_CONDITIONS = DEBUG;
				SWIFT_OPTIMIZATION_LEVEL = "-Onone";
				VERSIONING_SYSTEM = "apple-generic";
				VERSION_INFO_PREFIX = "";
			};
			name = Debug;
		};
		F3D96BA42229738300C45A17 /* Release */ = {
			isa = XCBuildConfiguration;
			buildSettings = {
				ALWAYS_SEARCH_USER_PATHS = NO;
				CLANG_ANALYZER_NONNULL = YES;
				CLANG_ANALYZER_NUMBER_OBJECT_CONVERSION = YES_AGGRESSIVE;
				CLANG_CXX_LANGUAGE_STANDARD = "gnu++14";
				CLANG_CXX_LIBRARY = "libc++";
				CLANG_ENABLE_MODULES = YES;
				CLANG_ENABLE_OBJC_ARC = YES;
				CLANG_ENABLE_OBJC_WEAK = YES;
				CLANG_WARN_BLOCK_CAPTURE_AUTORELEASING = YES;
				CLANG_WARN_BOOL_CONVERSION = YES;
				CLANG_WARN_COMMA = YES;
				CLANG_WARN_CONSTANT_CONVERSION = YES;
				CLANG_WARN_DEPRECATED_OBJC_IMPLEMENTATIONS = YES;
				CLANG_WARN_DIRECT_OBJC_ISA_USAGE = YES_ERROR;
				CLANG_WARN_DOCUMENTATION_COMMENTS = YES;
				CLANG_WARN_EMPTY_BODY = YES;
				CLANG_WARN_ENUM_CONVERSION = YES;
				CLANG_WARN_INFINITE_RECURSION = YES;
				CLANG_WARN_INT_CONVERSION = YES;
				CLANG_WARN_NON_LITERAL_NULL_CONVERSION = YES;
				CLANG_WARN_OBJC_IMPLICIT_RETAIN_SELF = YES;
				CLANG_WARN_OBJC_LITERAL_CONVERSION = YES;
				CLANG_WARN_OBJC_ROOT_CLASS = YES_ERROR;
				CLANG_WARN_RANGE_LOOP_ANALYSIS = YES;
				CLANG_WARN_STRICT_PROTOTYPES = YES;
				CLANG_WARN_SUSPICIOUS_MOVE = YES;
				CLANG_WARN_UNGUARDED_AVAILABILITY = YES_AGGRESSIVE;
				CLANG_WARN_UNREACHABLE_CODE = YES;
				CLANG_WARN__DUPLICATE_METHOD_MATCH = YES;
				CODE_SIGN_IDENTITY = "iPhone Developer";
				COPY_PHASE_STRIP = NO;
				CURRENT_PROJECT_VERSION = 1;
				DEBUG_INFORMATION_FORMAT = "dwarf-with-dsym";
				ENABLE_NS_ASSERTIONS = NO;
				ENABLE_STRICT_OBJC_MSGSEND = YES;
				GCC_C_LANGUAGE_STANDARD = gnu11;
				GCC_NO_COMMON_BLOCKS = YES;
				GCC_WARN_64_TO_32_BIT_CONVERSION = YES;
				GCC_WARN_ABOUT_RETURN_TYPE = YES_ERROR;
				GCC_WARN_UNDECLARED_SELECTOR = YES;
				GCC_WARN_UNINITIALIZED_AUTOS = YES_AGGRESSIVE;
				GCC_WARN_UNUSED_FUNCTION = YES;
				GCC_WARN_UNUSED_VARIABLE = YES;
				IPHONEOS_DEPLOYMENT_TARGET = 9.1;
				MTL_ENABLE_DEBUG_INFO = NO;
				MTL_FAST_MATH = YES;
				SDKROOT = iphoneos;
				SWIFT_COMPILATION_MODE = wholemodule;
				SWIFT_OPTIMIZATION_LEVEL = "-O";
				VALIDATE_PRODUCT = YES;
				VERSIONING_SYSTEM = "apple-generic";
				VERSION_INFO_PREFIX = "";
			};
			name = Release;
		};
		F3D96BA62229738300C45A17 /* Debug */ = {
			isa = XCBuildConfiguration;
			baseConfigurationReference = 73B1C000C31BD738394B6124 /* Pods-RxSejima.debug.xcconfig */;
			buildSettings = {
				CODE_SIGN_IDENTITY = "";
				CODE_SIGN_STYLE = Automatic;
				DEFINES_MODULE = YES;
				DEVELOPMENT_TEAM = W6S4Z2KMUS;
				DYLIB_COMPATIBILITY_VERSION = 1;
				DYLIB_CURRENT_VERSION = 1;
				DYLIB_INSTALL_NAME_BASE = "@rpath";
				INFOPLIST_FILE = RxSejima/Info.plist;
				INSTALL_PATH = "$(LOCAL_LIBRARY_DIR)/Frameworks";
				IPHONEOS_DEPLOYMENT_TARGET = 9.1;
				LD_RUNPATH_SEARCH_PATHS = (
					"$(inherited)",
					"@executable_path/Frameworks",
					"@loader_path/Frameworks",
				);
				PRODUCT_BUNDLE_IDENTIFIER = com.surfin.RxSejima;
				PRODUCT_NAME = "$(TARGET_NAME:c99extidentifier)";
				SKIP_INSTALL = YES;
				SWIFT_VERSION = 4.2;
				TARGETED_DEVICE_FAMILY = "1,2";
			};
			name = Debug;
		};
		F3D96BA72229738300C45A17 /* Release */ = {
			isa = XCBuildConfiguration;
			baseConfigurationReference = EDF329D106E67C715140325D /* Pods-RxSejima.release.xcconfig */;
			buildSettings = {
				CODE_SIGN_IDENTITY = "";
				CODE_SIGN_STYLE = Automatic;
				DEFINES_MODULE = YES;
				DEVELOPMENT_TEAM = W6S4Z2KMUS;
				DYLIB_COMPATIBILITY_VERSION = 1;
				DYLIB_CURRENT_VERSION = 1;
				DYLIB_INSTALL_NAME_BASE = "@rpath";
				INFOPLIST_FILE = RxSejima/Info.plist;
				INSTALL_PATH = "$(LOCAL_LIBRARY_DIR)/Frameworks";
				IPHONEOS_DEPLOYMENT_TARGET = 9.1;
				LD_RUNPATH_SEARCH_PATHS = (
					"$(inherited)",
					"@executable_path/Frameworks",
					"@loader_path/Frameworks",
				);
				PRODUCT_BUNDLE_IDENTIFIER = com.surfin.RxSejima;
				PRODUCT_NAME = "$(TARGET_NAME:c99extidentifier)";
				SKIP_INSTALL = YES;
				SWIFT_VERSION = 4.2;
				TARGETED_DEVICE_FAMILY = "1,2";
			};
			name = Release;
		};
		F3D96BA92229738300C45A17 /* Debug */ = {
			isa = XCBuildConfiguration;
			baseConfigurationReference = 96B8D1438CC40610CAB3EC7D /* Pods-RxSejimaTests.debug.xcconfig */;
			buildSettings = {
				ALWAYS_EMBED_SWIFT_STANDARD_LIBRARIES = YES;
				CODE_SIGN_STYLE = Automatic;
				DEVELOPMENT_TEAM = W6S4Z2KMUS;
				INFOPLIST_FILE = RxSejimaTests/Info.plist;
				LD_RUNPATH_SEARCH_PATHS = (
					"$(inherited)",
					"@executable_path/Frameworks",
					"@loader_path/Frameworks",
				);
				PRODUCT_BUNDLE_IDENTIFIER = com.surfin.RxSejimaTests;
				PRODUCT_NAME = "$(TARGET_NAME)";
				SWIFT_VERSION = 4.2;
				TARGETED_DEVICE_FAMILY = "1,2";
			};
			name = Debug;
		};
		F3D96BAA2229738300C45A17 /* Release */ = {
			isa = XCBuildConfiguration;
			baseConfigurationReference = A27B836A4506FB5D54817AAB /* Pods-RxSejimaTests.release.xcconfig */;
			buildSettings = {
				ALWAYS_EMBED_SWIFT_STANDARD_LIBRARIES = YES;
				CODE_SIGN_STYLE = Automatic;
				DEVELOPMENT_TEAM = W6S4Z2KMUS;
				INFOPLIST_FILE = RxSejimaTests/Info.plist;
				LD_RUNPATH_SEARCH_PATHS = (
					"$(inherited)",
					"@executable_path/Frameworks",
					"@loader_path/Frameworks",
				);
				PRODUCT_BUNDLE_IDENTIFIER = com.surfin.RxSejimaTests;
				PRODUCT_NAME = "$(TARGET_NAME)";
				SWIFT_VERSION = 4.2;
				TARGETED_DEVICE_FAMILY = "1,2";
			};
			name = Release;
		};
/* End XCBuildConfiguration section */

/* Begin XCConfigurationList section */
		F3D96B8B2229738200C45A17 /* Build configuration list for PBXProject "RxSejima" */ = {
			isa = XCConfigurationList;
			buildConfigurations = (
				F3D96BA32229738300C45A17 /* Debug */,
				F3D96BA42229738300C45A17 /* Release */,
			);
			defaultConfigurationIsVisible = 0;
			defaultConfigurationName = Release;
		};
		F3D96BA52229738300C45A17 /* Build configuration list for PBXNativeTarget "RxSejima" */ = {
			isa = XCConfigurationList;
			buildConfigurations = (
				F3D96BA62229738300C45A17 /* Debug */,
				F3D96BA72229738300C45A17 /* Release */,
			);
			defaultConfigurationIsVisible = 0;
			defaultConfigurationName = Release;
		};
		F3D96BA82229738300C45A17 /* Build configuration list for PBXNativeTarget "RxSejimaTests" */ = {
			isa = XCConfigurationList;
			buildConfigurations = (
				F3D96BA92229738300C45A17 /* Debug */,
				F3D96BAA2229738300C45A17 /* Release */,
			);
			defaultConfigurationIsVisible = 0;
			defaultConfigurationName = Release;
		};
/* End XCConfigurationList section */
	};
	rootObject = F3D96B882229738200C45A17 /* Project object */;
}
